
Microsoft Visual Studio Solution File, Format Version 12.00
# Visual Studio 15
VisualStudioVersion = 15.0.26730.16
MinimumVisualStudioVersion = 10.0.40219.1
Project("{9A19103F-16F7-4668-BE54-9A1E7A4F7556}") = "OpenXMLPowerTools", "OpenXMLPowerTools\OpenXMLPowerTools.csproj", "{509489B0-9F96-4FD1-BC86-90BF3ACF95AD}"
EndProject
Project("{FAE04EC0-301F-11D3-BF4B-00C04F79EFBC}") = "HtmlToOpenXml", "HtmlToOpenXml\HtmlToOpenXml.csproj", "{58DA66BE-3EC5-4049-9C91-7C5C02FF9A7C}"
EndProject
Project("{FAE04EC0-301F-11D3-BF4B-00C04F79EFBC}") = "OpenXMLPowerToolTest", "OpenXMLPowerToolTest\OpenXMLPowerToolTest.csproj", "{42FA31E0-7FB8-4B09-91DE-99C98523AA60}"
EndProject
Global
	GlobalSection(SolutionConfigurationPlatforms) = preSolution
		Debug|Any CPU = Debug|Any CPU
		Release|Any CPU = Release|Any CPU
	EndGlobalSection
	GlobalSection(ProjectConfigurationPlatforms) = postSolution
		{509489B0-9F96-4FD1-BC86-90BF3ACF95AD}.Debug|Any CPU.ActiveCfg = Debug|Any CPU
		{509489B0-9F96-4FD1-BC86-90BF3ACF95AD}.Debug|Any CPU.Build.0 = Debug|Any CPU
		{509489B0-9F96-4FD1-BC86-90BF3ACF95AD}.Release|Any CPU.ActiveCfg = Release|Any CPU
		{509489B0-9F96-4FD1-BC86-90BF3ACF95AD}.Release|Any CPU.Build.0 = Release|Any CPU
		{58DA66BE-3EC5-4049-9C91-7C5C02FF9A7C}.Debug|Any CPU.ActiveCfg = Debug|Any CPU
		{58DA66BE-3EC5-4049-9C91-7C5C02FF9A7C}.Debug|Any CPU.Build.0 = Debug|Any CPU
		{58DA66BE-3EC5-4049-9C91-7C5C02FF9A7C}.Release|Any CPU.ActiveCfg = Release|Any CPU
		{58DA66BE-3EC5-4049-9C91-7C5C02FF9A7C}.Release|Any CPU.Build.0 = Release|Any CPU
		{42FA31E0-7FB8-4B09-91DE-99C98523AA60}.Debug|Any CPU.ActiveCfg = Debug|Any CPU
		{42FA31E0-7FB8-4B09-91DE-99C98523AA60}.Debug|Any CPU.Build.0 = Debug|Any CPU
		{42FA31E0-7FB8-4B09-91DE-99C98523AA60}.Release|Any CPU.ActiveCfg = Release|Any CPU
		{42FA31E0-7FB8-4B09-91DE-99C98523AA60}.Release|Any CPU.Build.0 = Release|Any CPU
	EndGlobalSection
	GlobalSection(SolutionProperties) = preSolution
		HideSolutionNode = FALSE
	EndGlobalSection
	GlobalSection(ExtensibilityGlobals) = postSolution
		SolutionGuid = {64D6349A-95D8-4B95-8058-4913F9082E19}
	EndGlobalSection
EndGlobal
